
Microsoft Visual Studio Solution File, Format Version 12.00
# Visual Studio Version 17
VisualStudioVersion = 17.9.34616.47
MinimumVisualStudioVersion = 10.0.40219.1
Project("{FAE04EC0-301F-11D3-BF4B-00C04F79EFBC}") = "PARCIAL1B", "PARCIAL1B\PARCIAL1B.csproj", "{B00439FD-6D81-4D0F-8AED-ED3A50DF6630}"
EndProject
Global
	GlobalSection(SolutionConfigurationPlatforms) = preSolution
		Debug|Any CPU = Debug|Any CPU
		Release|Any CPU = Release|Any CPU
	EndGlobalSection
	GlobalSection(ProjectConfigurationPlatforms) = postSolution
		{B00439FD-6D81-4D0F-8AED-ED3A50DF6630}.Debug|Any CPU.ActiveCfg = Debug|Any CPU
		{B00439FD-6D81-4D0F-8AED-ED3A50DF6630}.Debug|Any CPU.Build.0 = Debug|Any CPU
		{B00439FD-6D81-4D0F-8AED-ED3A50DF6630}.Release|Any CPU.ActiveCfg = Release|Any CPU
		{B00439FD-6D81-4D0F-8AED-ED3A50DF6630}.Release|Any CPU.Build.0 = Release|Any CPU
	EndGlobalSection
	GlobalSection(SolutionProperties) = preSolution
		HideSolutionNode = FALSE
	EndGlobalSection
	GlobalSection(ExtensibilityGlobals) = postSolution
		SolutionGuid = {B8F2F95D-2E03-47AF-91DD-A73D000014C8}
	EndGlobalSection
EndGlobal
